
Microsoft Visual Studio Solution File, Format Version 12.00
# Visual Studio 2012
Project("{FAE04EC0-301F-11D3-BF4B-00C04F79EFBC}") = "EncoderLib", "Encoder\EncoderLib\EncoderLib.csproj", "{94CBF594-5F39-4CD4-8907-63C3E5C986BF}"
EndProject
Project("{FAE04EC0-301F-11D3-BF4B-00C04F79EFBC}") = "Logger", "Diagnostics\LogEngine\Logger\Logger.csproj", "{7015346A-072B-48F2-B1B1-A4FE89A88B10}"
EndProject
Project("{2150E333-8FDC-42A3-9474-1A3956D46DE8}") = "Diagnostics", "Diagnostics", "{A5615D8F-7858-4E81-B12A-5949B96BCE67}"
EndProject
Project("{2150E333-8FDC-42A3-9474-1A3956D46DE8}") = "Server", "Server", "{4D4821CE-3730-4B10-82DC-2D90CD5CD8AD}"
EndProject
Project("{2150E333-8FDC-42A3-9474-1A3956D46DE8}") = "DataBase", "DataBase", "{F00A037C-96FA-4B16-BD8E-1DCFE2D9F430}"
EndProject
Project("{FAE04EC0-301F-11D3-BF4B-00C04F79EFBC}") = "BackendDBLib", "DataBase\BackendDB\BackendDBLib\BackendDBLib.csproj", "{0BE9FE01-F355-449C-95E5-571E5D68E063}"
EndProject
Project("{2150E333-8FDC-42A3-9474-1A3956D46DE8}") = "Encoder", "Encoder", "{5A3ECA2C-59A5-4AC6-A925-6F4AE39BACC4}"
EndProject
Project("{FAE04EC0-301F-11D3-BF4B-00C04F79EFBC}") = "EncoderLibUnitTests", "Encoder\EncoderLibUnitTests\EncoderLibUnitTests.csproj", "{C76E5224-E4C5-481F-8A52-416F8C6F753B}"
EndProject
Project("{2150E333-8FDC-42A3-9474-1A3956D46DE8}") = "BackendDB", "BackendDB", "{D58202ED-F95E-45ED-AA2B-260DDC4F489D}"
EndProject
Project("{FAE04EC0-301F-11D3-BF4B-00C04F79EFBC}") = "BackendDBLibUnitTests", "DataBase\BackendDB\BackendDBLibUnitTests\BackendDBLibUnitTests.csproj", "{155691C0-D0BC-4595-8D10-5FF6116E7F6F}"
EndProject
Project("{2150E333-8FDC-42A3-9474-1A3956D46DE8}") = "UserUI", "UserUI", "{58C4F57D-7FC2-4D25-BB77-EB4C292EB93F}"
EndProject
Project("{2150E333-8FDC-42A3-9474-1A3956D46DE8}") = "UserFrontUI", "UserFrontUI", "{857115AE-A25D-460F-A120-AAEEC6F6BACA}"
EndProject
Project("{2150E333-8FDC-42A3-9474-1A3956D46DE8}") = "UserUIWebService", "UserUIWebService", "{11BC1C96-68F1-4487-B9C5-C6503DB75998}"
EndProject
Project("{FAE04EC0-301F-11D3-BF4B-00C04F79EFBC}") = "UserUI", "UserUI\UserFrontUI\UserUI\UserUI.csproj", "{7735FDA8-F0DE-4868-B2EF-9A2A68C629C8}"
EndProject
Global
	GlobalSection(SolutionConfigurationPlatforms) = preSolution
		Debug|Any CPU = Debug|Any CPU
		Release|Any CPU = Release|Any CPU
	EndGlobalSection
	GlobalSection(ProjectConfigurationPlatforms) = postSolution
		{94CBF594-5F39-4CD4-8907-63C3E5C986BF}.Debug|Any CPU.ActiveCfg = Debug|Any CPU
		{94CBF594-5F39-4CD4-8907-63C3E5C986BF}.Debug|Any CPU.Build.0 = Debug|Any CPU
		{94CBF594-5F39-4CD4-8907-63C3E5C986BF}.Release|Any CPU.ActiveCfg = Release|Any CPU
		{94CBF594-5F39-4CD4-8907-63C3E5C986BF}.Release|Any CPU.Build.0 = Release|Any CPU
		{7015346A-072B-48F2-B1B1-A4FE89A88B10}.Debug|Any CPU.ActiveCfg = Debug|Any CPU
		{7015346A-072B-48F2-B1B1-A4FE89A88B10}.Debug|Any CPU.Build.0 = Debug|Any CPU
		{7015346A-072B-48F2-B1B1-A4FE89A88B10}.Release|Any CPU.ActiveCfg = Release|Any CPU
		{7015346A-072B-48F2-B1B1-A4FE89A88B10}.Release|Any CPU.Build.0 = Release|Any CPU
		{0BE9FE01-F355-449C-95E5-571E5D68E063}.Debug|Any CPU.ActiveCfg = Debug|Any CPU
		{0BE9FE01-F355-449C-95E5-571E5D68E063}.Debug|Any CPU.Build.0 = Debug|Any CPU
		{0BE9FE01-F355-449C-95E5-571E5D68E063}.Release|Any CPU.ActiveCfg = Release|Any CPU
		{0BE9FE01-F355-449C-95E5-571E5D68E063}.Release|Any CPU.Build.0 = Release|Any CPU
		{C76E5224-E4C5-481F-8A52-416F8C6F753B}.Debug|Any CPU.ActiveCfg = Debug|Any CPU
		{C76E5224-E4C5-481F-8A52-416F8C6F753B}.Debug|Any CPU.Build.0 = Debug|Any CPU
		{C76E5224-E4C5-481F-8A52-416F8C6F753B}.Release|Any CPU.ActiveCfg = Release|Any CPU
		{C76E5224-E4C5-481F-8A52-416F8C6F753B}.Release|Any CPU.Build.0 = Release|Any CPU
		{155691C0-D0BC-4595-8D10-5FF6116E7F6F}.Debug|Any CPU.ActiveCfg = Debug|Any CPU
		{155691C0-D0BC-4595-8D10-5FF6116E7F6F}.Debug|Any CPU.Build.0 = Debug|Any CPU
		{155691C0-D0BC-4595-8D10-5FF6116E7F6F}.Release|Any CPU.ActiveCfg = Release|Any CPU
		{155691C0-D0BC-4595-8D10-5FF6116E7F6F}.Release|Any CPU.Build.0 = Release|Any CPU
		{7735FDA8-F0DE-4868-B2EF-9A2A68C629C8}.Debug|Any CPU.ActiveCfg = Debug|Any CPU
		{7735FDA8-F0DE-4868-B2EF-9A2A68C629C8}.Debug|Any CPU.Build.0 = Debug|Any CPU
		{7735FDA8-F0DE-4868-B2EF-9A2A68C629C8}.Release|Any CPU.ActiveCfg = Release|Any CPU
		{7735FDA8-F0DE-4868-B2EF-9A2A68C629C8}.Release|Any CPU.Build.0 = Release|Any CPU
	EndGlobalSection
	GlobalSection(SolutionProperties) = preSolution
		HideSolutionNode = FALSE
	EndGlobalSection
	GlobalSection(NestedProjects) = preSolution
		{5A3ECA2C-59A5-4AC6-A925-6F4AE39BACC4} = {4D4821CE-3730-4B10-82DC-2D90CD5CD8AD}
		{7015346A-072B-48F2-B1B1-A4FE89A88B10} = {A5615D8F-7858-4E81-B12A-5949B96BCE67}
		{94CBF594-5F39-4CD4-8907-63C3E5C986BF} = {5A3ECA2C-59A5-4AC6-A925-6F4AE39BACC4}
		{C76E5224-E4C5-481F-8A52-416F8C6F753B} = {5A3ECA2C-59A5-4AC6-A925-6F4AE39BACC4}
		{D58202ED-F95E-45ED-AA2B-260DDC4F489D} = {F00A037C-96FA-4B16-BD8E-1DCFE2D9F430}
		{0BE9FE01-F355-449C-95E5-571E5D68E063} = {D58202ED-F95E-45ED-AA2B-260DDC4F489D}
		{155691C0-D0BC-4595-8D10-5FF6116E7F6F} = {D58202ED-F95E-45ED-AA2B-260DDC4F489D}
		{857115AE-A25D-460F-A120-AAEEC6F6BACA} = {58C4F57D-7FC2-4D25-BB77-EB4C292EB93F}
		{11BC1C96-68F1-4487-B9C5-C6503DB75998} = {58C4F57D-7FC2-4D25-BB77-EB4C292EB93F}
		{7735FDA8-F0DE-4868-B2EF-9A2A68C629C8} = {857115AE-A25D-460F-A120-AAEEC6F6BACA}
	EndGlobalSection
EndGlobal
